<?xml version="1.0" encoding="utf-8"?>
<Project ToolsVersion="4.0" xmlns="http://schemas.microsoft.com/developer/msbuild/2003">
  <ItemGroup>
    <Filter Include="소스 파일">
      <UniqueIdentifier>{4FC737F1-C7A5-4376-A066-2A32D752A2FF}</UniqueIdentifier>
      <Extensions>cpp;c;cc;cxx;c++;cppm;ixx;def;odl;idl;hpj;bat;asm;asmx</Extensions>
    </Filter>
    <Filter Include="헤더 파일">
      <UniqueIdentifier>{93995380-89BD-4b04-88EB-625FBE52EBFB}</UniqueIdentifier>
      <Extensions>h;hh;hpp;hxx;h++;hm;inl;inc;ipp;xsd</Extensions>
    </Filter>
    <Filter Include="리소스 파일">
      <UniqueIdentifier>{67DA6AB6-F800-4c08-8B7A-83BB121AAD01}</UniqueIdentifier>
      <Extensions>rc;ico;cur;bmp;dlg;rc2;rct;bin;rgs;gif;jpg;jpeg;jpe;resx;tiff;tif;png;wav;mfcribbon-ms</Extensions>
    </Filter>
  </ItemGroup>
  <ItemGroup>
    <ClCompile Include="struct.c">
      <Filter>소스 파일</Filter>
    </ClCompile>
    <ClCompile Include="struct_variable.c">
      <Filter>소스 파일</Filter>
    </ClCompile>
    <ClCompile Include="typedef_struct.c">
      <Filter>소스 파일</Filter>
    </ClCompile>
    <ClCompile Include="anonymous_struct.c">
      <Filter>소스 파일</Filter>
    </ClCompile>
    <ClCompile Include="judge_declare_struct_dashboard.c">
      <Filter>소스 파일</Filter>
    </ClCompile>
    <ClCompile Include="judge_define_struct_dashboard.c">
      <Filter>소스 파일</Filter>
    </ClCompile>
    <ClCompile Include="struct_alloc_memory.c">
      <Filter>소스 파일</Filter>
    </ClCompile>
    <ClCompile Include="struct_member_dereference.c">
      <Filter>소스 파일</Filter>
    </ClCompile>
    <ClCompile Include="typedef_struct_alloc_memory.c">
      <Filter>소스 파일</Filter>
    </ClCompile>
    <ClCompile Include="anonymous_struct_alloc_memory.c">
      <Filter>소스 파일</Filter>
    </ClCompile>
    <ClCompile Include="pointer_to_struct.c">
      <Filter>소스 파일</Filter>
    </ClCompile>
    <ClCompile Include="judge_struct_alloc_memory.c">
      <Filter>소스 파일</Filter>
    </ClCompile>
    <ClCompile Include="judge_pointer_to_struct.c">
      <Filter>소스 파일</Filter>
    </ClCompile>
    <ClCompile Include="two_point.c">
      <Filter>소스 파일</Filter>
    </ClCompile>
    <ClCompile Include="two_point_distance.c">
      <Filter>소스 파일</Filter>
    </ClCompile>
    <ClCompile Include="judge_two_point_distance.c">
      <Filter>소스 파일</Filter>
    </ClCompile>
    <ClCompile Include="struct_sizeof.c">
      <Filter>소스 파일</Filter>
    </ClCompile>
    <ClCompile Include="struct_offsetof.c">
      <Filter>소스 파일</Filter>
    </ClCompile>
    <ClCompile Include="struct_align.c">
      <Filter>소스 파일</Filter>
    </ClCompile>
    <ClCompile Include="struct_align_offsetof.c">
      <Filter>소스 파일</Filter>
    </ClCompile>
    <ClCompile Include="judge_struct_sizeof.c">
      <Filter>소스 파일</Filter>
    </ClCompile>
    <ClCompile Include="judge_struct_align.c">
      <Filter>소스 파일</Filter>
    </ClCompile>
    <ClCompile Include="struct_variable_memory_set.c">
      <Filter>소스 파일</Filter>
    </ClCompile>
    <ClCompile Include="struct_pointer_memory_set.c">
      <Filter>소스 파일</Filter>
    </ClCompile>
    <ClCompile Include="struct_variable_memory_copy.c">
      <Filter>소스 파일</Filter>
    </ClCompile>
    <ClCompile Include="struct_pointer_memory_copy.c">
      <Filter>소스 파일</Filter>
    </ClCompile>
    <ClCompile Include="judge_struct_memory_set.c">
      <Filter>소스 파일</Filter>
    </ClCompile>
    <ClCompile Include="judge_struct_memory_copy.c">
      <Filter>소스 파일</Filter>
    </ClCompile>
    <ClCompile Include="struct_array.c">
      <Filter>소스 파일</Filter>
    </ClCompile>
    <ClCompile Include="struct_pointer_array.c">
      <Filter>소스 파일</Filter>
    </ClCompile>
    <ClCompile Include="judge_line_length.c">
      <Filter>소스 파일</Filter>
    </ClCompile>
    <ClCompile Include="judge_oldest.c">
      <Filter>소스 파일</Filter>
    </ClCompile>
    <ClCompile Include="union.c">
      <Filter>소스 파일</Filter>
    </ClCompile>
    <ClCompile Include="union_endian.c">
      <Filter>소스 파일</Filter>
    </ClCompile>
    <ClCompile Include="union_alloc_memory.c">
      <Filter>소스 파일</Filter>
    </ClCompile>
    <ClCompile Include="judge_union.c">
      <Filter>소스 파일</Filter>
    </ClCompile>
    <ClCompile Include="judge_union_alloc_memory.c">
      <Filter>소스 파일</Filter>
    </ClCompile>
    <ClCompile Include="struct_variable_in_struct.c">
      <Filter>소스 파일</Filter>
    </ClCompile>
    <ClCompile Include="struct_variable_in_struct_alloc_memory.c">
      <Filter>소스 파일</Filter>
    </ClCompile>
    <ClCompile Include="struct_pointer_in_struct_alloc_memory.c">
      <Filter>소스 파일</Filter>
    </ClCompile>
    <ClCompile Include="anonymous_struct_union.c">
      <Filter>소스 파일</Filter>
    </ClCompile>
    <ClCompile Include="judge_declare_struct_champion.c">
      <Filter>소스 파일</Filter>
    </ClCompile>
    <ClCompile Include="judge_alloc_memory_struct_champion.c">
      <Filter>소스 파일</Filter>
    </ClCompile>
    <ClCompile Include="judge_define_struct_device_option.c">
      <Filter>소스 파일</Filter>
    </ClCompile>
    <ClCompile Include="struct_bit_field.c">
      <Filter>소스 파일</Filter>
    </ClCompile>
    <ClCompile Include="struct_bit_field_sizeof.c">
      <Filter>소스 파일</Filter>
    </ClCompile>
    <ClCompile Include="struct_union_bit_field.c">
      <Filter>소스 파일</Filter>
    </ClCompile>
    <ClCompile Include="judge_struct_bit_field.c">
      <Filter>소스 파일</Filter>
    </ClCompile>
    <ClCompile Include="judge_struct_union_bit_field.c">
      <Filter>소스 파일</Filter>
    </ClCompile>
    <ClCompile Include="enum.c">
      <Filter>소스 파일</Filter>
    </ClCompile>
    <ClCompile Include="enum_switch.c">
      <Filter>소스 파일</Filter>
    </ClCompile>
    <ClCompile Include="enum_for.c">
      <Filter>소스 파일</Filter>
    </ClCompile>
    <ClCompile Include="judge_enum.c">
      <Filter>소스 파일</Filter>
    </ClCompile>
    <ClCompile Include="judge_enum_switch.c">
      <Filter>소스 파일</Filter>
    </ClCompile>
    <ClCompile Include="judge_enum_for.c">
      <Filter>소스 파일</Filter>
    </ClCompile>
    <ClCompile Include="type_conversion_variable.c">
      <Filter>소스 파일</Filter>
    </ClCompile>
    <ClCompile Include="type_conversion_pointer.c">
      <Filter>소스 파일</Filter>
    </ClCompile>
    <ClCompile Include="type_conversion_pointer_invalid_value.c">
      <Filter>소스 파일</Filter>
    </ClCompile>
    <ClCompile Include="type_conversion_pointer_dereference.c">
      <Filter>소스 파일</Filter>
    </ClCompile>
    <ClCompile Include="type_coversion_void_pointer.c">
      <Filter>소스 파일</Filter>
    </ClCompile>
    <ClCompile Include="type_conversion_struct_pointer.c">
      <Filter>소스 파일</Filter>
    </ClCompile>
    <ClCompile Include="judge_type_coversion_variable.c">
      <Filter>소스 파일</Filter>
    </ClCompile>
    <ClCompile Include="judge_type_coversion_pointer.c">
      <Filter>소스 파일</Filter>
    </ClCompile>
    <ClCompile Include="judge_type_coversion_void_pointer.c">
      <Filter>소스 파일</Filter>
    </ClCompile>
    <ClCompile Include="judge_type_coversion_struct_pointer.c">
      <Filter>소스 파일</Filter>
    </ClCompile>
    <ClCompile Include="pointer_add.c">
      <Filter>소스 파일</Filter>
    </ClCompile>
    <ClCompile Include="pointer_sub.c">
      <Filter>소스 파일</Filter>
    </ClCompile>
    <ClCompile Include="pointer_increment_decrement.c">
      <Filter>소스 파일</Filter>
    </ClCompile>
    <ClCompile Include="pointer_dereference.c">
      <Filter>소스 파일</Filter>
    </ClCompile>
    <ClCompile Include="pointer_add_dereference.c">
      <Filter>소스 파일</Filter>
    </ClCompile>
    <ClCompile Include="pointer_inc_dec_dereference.c">
      <Filter>소스 파일</Filter>
    </ClCompile>
    <ClCompile Include="void_pointer_add_error.c">
      <Filter>소스 파일</Filter>
    </ClCompile>
    <ClCompile Include="void_pointer_arithmetic_dereference.c">
      <Filter>소스 파일</Filter>
    </ClCompile>
    <ClCompile Include="struct_pointer_add.c">
      <Filter>소스 파일</Filter>
    </ClCompile>
    <ClCompile Include="struct_void_pointer_add.c">
      <Filter>소스 파일</Filter>
    </ClCompile>
    <ClCompile Include="judge_pointer_add.c">
      <Filter>소스 파일</Filter>
    </ClCompile>
    <ClCompile Include="judge_pointer_add_dereference.c">
      <Filter>소스 파일</Filter>
    </ClCompile>
    <ClCompile Include="judge_struct_pointer_add.c">
      <Filter>소스 파일</Filter>
    </ClCompile>
    <ClCompile Include="function.c">
      <Filter>소스 파일</Filter>
    </ClCompile>
    <ClCompile Include="function_prototype.c">
      <Filter>소스 파일</Filter>
    </ClCompile>
    <ClCompile Include="judge_define_function.c">
      <Filter>소스 파일</Filter>
    </ClCompile>
    <ClCompile Include="judge_declare_function.c">
      <Filter>소스 파일</Filter>
    </ClCompile>
    <ClCompile Include="return_integer.c">
      <Filter>소스 파일</Filter>
    </ClCompile>
    <ClCompile Include="return_real_number_boolean.c">
      <Filter>소스 파일</Filter>
    </ClCompile>
    <ClCompile Include="return_pointer.c">
      <Filter>소스 파일</Filter>
    </ClCompile>
    <ClCompile Include="return_string.c">
      <Filter>소스 파일</Filter>
    </ClCompile>
    <ClCompile Include="return_void_pointer.c">
      <Filter>소스 파일</Filter>
    </ClCompile>
    <ClCompile Include="return_struct.c">
      <Filter>소스 파일</Filter>
    </ClCompile>
    <ClCompile Include="return_struct_pointer.c">
      <Filter>소스 파일</Filter>
    </ClCompile>
    <ClCompile Include="judge_return_value.c">
      <Filter>소스 파일</Filter>
    </ClCompile>
    <ClCompile Include="judge_return_string.c">
      <Filter>소스 파일</Filter>
    </ClCompile>
    <ClCompile Include="judge_return_void_pointer.c">
      <Filter>소스 파일</Filter>
    </ClCompile>
    <ClCompile Include="judge_return_struct_pointer.c">
      <Filter>소스 파일</Filter>
    </ClCompile>
    <ClCompile Include="function_parameter.c">
      <Filter>소스 파일</Filter>
    </ClCompile>
    <ClCompile Include="add_function.c">
      <Filter>소스 파일</Filter>
    </ClCompile>
    <ClCompile Include="judge_function_parameter.c">
      <Filter>소스 파일</Filter>
    </ClCompile>
    <ClCompile Include="judge_add_function.c">
      <Filter>소스 파일</Filter>
    </ClCompile>
    <ClCompile Include="judge_alloc_function.c">
      <Filter>소스 파일</Filter>
    </ClCompile>
    <ClCompile Include="parameter.c">
      <Filter>소스 파일</Filter>
    </ClCompile>
    <ClCompile Include="parameter_pointer.c">
      <Filter>소스 파일</Filter>
    </ClCompile>
    <ClCompile Include="parameter_void_pointer.c">
      <Filter>소스 파일</Filter>
    </ClCompile>
    <ClCompile Include="parameter_double_pointer.c">
      <Filter>소스 파일</Filter>
    </ClCompile>
    <ClCompile Include="parameter_char_pointer.c">
      <Filter>소스 파일</Filter>
    </ClCompile>
    <ClCompile Include="parameter_char_array_argument.c">
      <Filter>소스 파일</Filter>
    </ClCompile>
    <ClCompile Include="parameter_char_array.c">
      <Filter>소스 파일</Filter>
    </ClCompile>
    <ClCompile Include="judge_parameter_pointer.c">
      <Filter>소스 파일</Filter>
    </ClCompile>
    <ClCompile Include="judge_parameter_double_pointer.c">
      <Filter>소스 파일</Filter>
    </ClCompile>
    <ClCompile Include="judge_parameter_string.c">
      <Filter>소스 파일</Filter>
    </ClCompile>
    <ClCompile Include="parameter_array.c">
      <Filter>소스 파일</Filter>
    </ClCompile>
    <ClCompile Include="parameter_array_set_element.c">
      <Filter>소스 파일</Filter>
    </ClCompile>
    <ClCompile Include="parameterPointer.c">
      <Filter>소스 파일</Filter>
    </ClCompile>
    <ClCompile Include="parameter_array_swap_element.c">
      <Filter>소스 파일</Filter>
    </ClCompile>
    <ClCompile Include="parameter_two_dimensional_array.c">
      <Filter>소스 파일</Filter>
    </ClCompile>
    <ClCompile Include="parameter_two_dimensional_pointer_array.c">
      <Filter>소스 파일</Filter>
    </ClCompile>
    <ClCompile Include="judge_parameter_array.c">
      <Filter>소스 파일</Filter>
    </ClCompile>
    <ClCompile Include="judge_transpose_of_matrix.c">
      <Filter>소스 파일</Filter>
    </ClCompile>
    <ClCompile Include="parameter_struct.c">
      <Filter>소스 파일</Filter>
    </ClCompile>
    <ClCompile Include="parameter_struct_set_value.c">
      <Filter>소스 파일</Filter>
    </ClCompile>
    <ClCompile Include="parameter_struct_pointer_set_value.c">
      <Filter>소스 파일</Filter>
    </ClCompile>
    <ClCompile Include="65.6_judge_two_point_disatance.c">
      <Filter>소스 파일</Filter>
    </ClCompile>
    <ClCompile Include="judge_move_point2D.c">
      <Filter>소스 파일</Filter>
    </ClCompile>
  </ItemGroup>
</Project>